// !$*UTF8*$!
{
	archiveVersion = 1;
	classes = {
	};
	objectVersion = 54;
	objects = {

/* Begin PBXBuildFile section */
		0C26E25C706E419994560B78 /* Poppins-ThinItalic.ttf in Resources */ = {isa = PBXBuildFile; fileRef = 6CBBA1537FB54901B5C5A85C /* Poppins-ThinItalic.ttf */; };
		12A808D6A5964A70BD15A45E /* Poppins-ExtraLightItalic.ttf in Resources */ = {isa = PBXBuildFile; fileRef = 9E5E3BA696714D77854D19B0 /* Poppins-ExtraLightItalic.ttf */; };
		13856F916A8F497BB4BCD799 /* Poppins-ExtraBold.ttf in Resources */ = {isa = PBXBuildFile; fileRef = 9922ABA6B7F0477797757CD7 /* Poppins-ExtraBold.ttf */; };
		13B07FBC1A68108700A75B9A /* AppDelegate.mm in Sources */ = {isa = PBXBuildFile; fileRef = 13B07FB01A68108700A75B9A /* AppDelegate.mm */; };
		13B07FBF1A68108700A75B9A /* Images.xcassets in Resources */ = {isa = PBXBuildFile; fileRef = 13B07FB51A68108700A75B9A /* Images.xcassets */; };
		13B07FC11A68108700A75B9A /* main.m in Sources */ = {isa = PBXBuildFile; fileRef = 13B07FB71A68108700A75B9A /* main.m */; };
		13E75F2F33454C28881400C6 /* Poppins-Bold.ttf in Resources */ = {isa = PBXBuildFile; fileRef = 49E351838CF64517A208870C /* Poppins-Bold.ttf */; };
		182072BF29C9B8BD005AB7E5 /* WidgetKit.framework in Frameworks */ = {isa = PBXBuildFile; fileRef = 1820728829C9B6D3005AB7E5 /* WidgetKit.framework */; };
		182072C029C9B8BD005AB7E5 /* SwiftUI.framework in Frameworks */ = {isa = PBXBuildFile; fileRef = 1820728A29C9B6D3005AB7E5 /* SwiftUI.framework */; };
		182072C729C9B8BE005AB7E5 /* LiveActivityDynamicIsland.swift in Sources */ = {isa = PBXBuildFile; fileRef = 182072C629C9B8BE005AB7E5 /* LiveActivityDynamicIsland.swift */; };
		182072CA29C9B8C4005AB7E5 /* Assets.xcassets in Resources */ = {isa = PBXBuildFile; fileRef = 182072C929C9B8C4005AB7E5 /* Assets.xcassets */; };
		182072D029C9B8C5005AB7E5 /* LiveActivityDynamicIslandExtension.appex in Embed Foundation Extensions */ = {isa = PBXBuildFile; fileRef = 182072BE29C9B8BD005AB7E5 /* LiveActivityDynamicIslandExtension.appex */; settings = {ATTRIBUTES = (RemoveHeadersOnCopy, ); }; };
		1888527C28980C2B00C0CB56 /* CleverTapGeofencingWrapper.m in Sources */ = {isa = PBXBuildFile; fileRef = 1888527B28980C2B00C0CB56 /* CleverTapGeofencingWrapper.m */; };
		18B49F132861E96A00B04851 /* Dynamic.swift in Sources */ = {isa = PBXBuildFile; fileRef = 18B49F122861E96A00B04851 /* Dynamic.swift */; };
		18B49F182861ED7D00B04851 /* splash.json in Resources */ = {isa = PBXBuildFile; fileRef = 18B49F172861ED7D00B04851 /* splash.json */; };
		18C3865E2892895A0008A21E /* AdjustSigSdk.xcframework in Frameworks */ = {isa = PBXBuildFile; fileRef = 18C3865D2892895A0008A21E /* AdjustSigSdk.xcframework */; };
		18C3865F2892895A0008A21E /* AdjustSigSdk.xcframework in Embed Frameworks */ = {isa = PBXBuildFile; fileRef = 18C3865D2892895A0008A21E /* AdjustSigSdk.xcframework */; settings = {ATTRIBUTES = (CodeSignOnCopy, RemoveHeadersOnCopy, ); }; };
		18F8F02B29FAABE200D64A18 /* ninja.mp3 in Resources */ = {isa = PBXBuildFile; fileRef = 18F8F02A29FAABE100D64A18 /* ninja.mp3 */; };
		2CD8C506CE4F45C7A9B0550C /* Poppins-Light.ttf in Resources */ = {isa = PBXBuildFile; fileRef = 11B664DEAC9242509C430566 /* Poppins-Light.ttf */; };
		33EB6C0D2A5E46D5804DC94C /* Poppins-MediumItalic.ttf in Resources */ = {isa = PBXBuildFile; fileRef = 1A4B5A04183C459FB0BD45E7 /* Poppins-MediumItalic.ttf */; };
		37A26AA869334A88B1DBBB9C /* Poppins-Regular.ttf in Resources */ = {isa = PBXBuildFile; fileRef = BE469295A82249A1B0236334 /* Poppins-Regular.ttf */; };
		6172F2D35A4C3AA820D92908 /* libPods-ErrorRepro.a in Frameworks */ = {isa = PBXBuildFile; fileRef = 6423831EA8574132BED9D8CC /* libPods-ErrorRepro.a */; };
		61CD9F904ED5409FB80A9DC7 /* Poppins-SemiBoldItalic.ttf in Resources */ = {isa = PBXBuildFile; fileRef = 0D0E250F8B074281A36A2FF3 /* Poppins-SemiBoldItalic.ttf */; };
		6BA88074955345848D01D96F /* Poppins-LightItalic.ttf in Resources */ = {isa = PBXBuildFile; fileRef = F0DB652E4EFC4609AE688828 /* Poppins-LightItalic.ttf */; };
		6CC466C2CD2A66B4B17FC6BB /* ExpoModulesProvider.swift in Sources */ = {isa = PBXBuildFile; fileRef = E1543BB3DFAEE4A4CA3CDE20 /* ExpoModulesProvider.swift */; };
		81AB9BB82411601600AC10FF /* LaunchScreen.storyboard in Resources */ = {isa = PBXBuildFile; fileRef = 81AB9BB72411601600AC10FF /* LaunchScreen.storyboard */; };
		8492D67185264A94BCBA1900 /* Poppins-SemiBold.ttf in Resources */ = {isa = PBXBuildFile; fileRef = 1D784E8AE2CE4370B9D551AD /* Poppins-SemiBold.ttf */; };
		941C502C27B5FDE300FA35BC /* logo.png in Resources */ = {isa = PBXBuildFile; fileRef = 941C502B27B5FDE300FA35BC /* logo.png */; };
		943D4EFE27B3ECA000B9D784 /* GoogleService-Info.plist in Resources */ = {isa = PBXBuildFile; fileRef = 943D4EFC27B3ECA000B9D784 /* GoogleService-Info.plist */; };
		943D4EFF27B3ECA000B9D784 /* AppCenter-Config.plist in Resources */ = {isa = PBXBuildFile; fileRef = 943D4EFD27B3ECA000B9D784 /* AppCenter-Config.plist */; };
		99F2B76927CBCFC5005CAD3C /* MapKit.framework in Frameworks */ = {isa = PBXBuildFile; fileRef = 99F2B76827CBCFC5005CAD3C /* MapKit.framework */; };
		A079264E296D53AB0081164B /* iAd.framework in Frameworks */ = {isa = PBXBuildFile; fileRef = A079264D296D53AB0081164B /* iAd.framework */; settings = {ATTRIBUTES = (Weak, ); }; };
		A0792650296D53B70081164B /* AdServices.framework in Frameworks */ = {isa = PBXBuildFile; fileRef = A079264F296D53B70081164B /* AdServices.framework */; settings = {ATTRIBUTES = (Weak, ); }; };
		A0792652296D53C50081164B /* AdSupport.framework in Frameworks */ = {isa = PBXBuildFile; fileRef = A0792651296D53C50081164B /* AdSupport.framework */; settings = {ATTRIBUTES = (Weak, ); }; };
		A0792654296D53D40081164B /* StoreKit.framework in Frameworks */ = {isa = PBXBuildFile; fileRef = A0792653296D53D40081164B /* StoreKit.framework */; settings = {ATTRIBUTES = (Weak, ); }; };
		A0792656296D53E00081164B /* AppTrackingTransparency.framework in Frameworks */ = {isa = PBXBuildFile; fileRef = A0792655296D53E00081164B /* AppTrackingTransparency.framework */; settings = {ATTRIBUTES = (Weak, ); }; };
		A0792658296D54120081164B /* WebKit.framework in Frameworks */ = {isa = PBXBuildFile; fileRef = A0792657296D54120081164B /* WebKit.framework */; };
		BAE7A36944BA458B8848C087 /* Poppins-BoldItalic.ttf in Resources */ = {isa = PBXBuildFile; fileRef = 75313CA0CA56431692B2DB86 /* Poppins-BoldItalic.ttf */; };
		BBCA65122DCD46CE82570A3A /* Poppins-BlackItalic.ttf in Resources */ = {isa = PBXBuildFile; fileRef = 95A54C92295B43B69405CEF9 /* Poppins-BlackItalic.ttf */; };
		D1D6691BA1AA45AE9831493C /* Poppins-ExtraBoldItalic.ttf in Resources */ = {isa = PBXBuildFile; fileRef = C83E4B89356A4B538E5723F7 /* Poppins-ExtraBoldItalic.ttf */; };
		D578129916874D4FB23033B2 /* Poppins-Medium.ttf in Resources */ = {isa = PBXBuildFile; fileRef = 2DC44B0C3B7643AFBC1E9AEE /* Poppins-Medium.ttf */; };
		DDB89A7AC1ED4F96A5B4B852 /* Poppins-Italic.ttf in Resources */ = {isa = PBXBuildFile; fileRef = 555DB92192234108B3D53647 /* Poppins-Italic.ttf */; };
		E35CF1FEC039451AB3A0E4F7 /* Poppins-Thin.ttf in Resources */ = {isa = PBXBuildFile; fileRef = 5D8C1CB79DE047C389E1D78C /* Poppins-Thin.ttf */; };
		F0547397F1AA4DB0AFEE83B4 /* Poppins-ExtraLight.ttf in Resources */ = {isa = PBXBuildFile; fileRef = 617B158DA4CB42058D530845 /* Poppins-ExtraLight.ttf */; };
		F947E77768594D5084085861 /* Poppins-Black.ttf in Resources */ = {isa = PBXBuildFile; fileRef = D2C05B9A32EF45A19AEB6DB5 /* Poppins-Black.ttf */; };
/* End PBXBuildFile section */

/* Begin PBXContainerItemProxy section */
		182072CE29C9B8C5005AB7E5 /* PBXContainerItemProxy */ = {
			isa = PBXContainerItemProxy;
			containerPortal = 83CBB9F71A601CBA00E9B192 /* Project object */;
			proxyType = 1;
			remoteGlobalIDString = 182072BD29C9B8BD005AB7E5;
			remoteInfo = LiveActivityDynamicIslandExtension;
		};
/* End PBXContainerItemProxy section */

/* Begin PBXCopyFilesBuildPhase section */
		1820729F29C9B6D8005AB7E5 /* Embed Foundation Extensions */ = {
			isa = PBXCopyFilesBuildPhase;
			buildActionMask = 2147483647;
			dstPath = "";
			dstSubfolderSpec = 13;
			files = (
				182072D029C9B8C5005AB7E5 /* LiveActivityDynamicIslandExtension.appex in Embed Foundation Extensions */,
			);
			name = "Embed Foundation Extensions";
			runOnlyForDeploymentPostprocessing = 0;
		};
		18C386602892895A0008A21E /* Embed Frameworks */ = {
			isa = PBXCopyFilesBuildPhase;
			buildActionMask = 2147483647;
			dstPath = "";
			dstSubfolderSpec = 10;
			files = (
				18C3865F2892895A0008A21E /* AdjustSigSdk.xcframework in Embed Frameworks */,
			);
			name = "Embed Frameworks";
			runOnlyForDeploymentPostprocessing = 0;
		};
/* End PBXCopyFilesBuildPhase section */

/* Begin PBXFileReference section */
		00E356F11AD99517003FC87E /* Info.plist */ = {isa = PBXFileReference; lastKnownFileType = text.plist.xml; path = Info.plist; sourceTree = "<group>"; };
		00E356F21AD99517003FC87E /* ErrorReproTests.m */ = {isa = PBXFileReference; lastKnownFileType = sourcecode.c.objc; path = ErrorReproTests.m; sourceTree = "<group>"; };
		0D0E250F8B074281A36A2FF3 /* Poppins-SemiBoldItalic.ttf */ = {isa = PBXFileReference; explicitFileType = undefined; fileEncoding = 9; includeInIndex = 0; lastKnownFileType = unknown; name = "Poppins-SemiBoldItalic.ttf"; path = "../assets/fonts/Poppins-SemiBoldItalic.ttf"; sourceTree = "<group>"; };
		11B664DEAC9242509C430566 /* Poppins-Light.ttf */ = {isa = PBXFileReference; explicitFileType = undefined; fileEncoding = 9; includeInIndex = 0; lastKnownFileType = unknown; name = "Poppins-Light.ttf"; path = "../assets/fonts/Poppins-Light.ttf"; sourceTree = "<group>"; };
		13B07F961A680F5B00A75B9A /* ErrorRepro.app */ = {isa = PBXFileReference; explicitFileType = wrapper.application; includeInIndex = 0; path = ErrorRepro.app; sourceTree = BUILT_PRODUCTS_DIR; };
		13B07FAF1A68108700A75B9A /* AppDelegate.h */ = {isa = PBXFileReference; fileEncoding = 4; lastKnownFileType = sourcecode.c.h; name = AppDelegate.h; path = ErrorRepro/AppDelegate.h; sourceTree = "<group>"; };
		13B07FB01A68108700A75B9A /* AppDelegate.mm */ = {isa = PBXFileReference; fileEncoding = 4; lastKnownFileType = sourcecode.cpp.objcpp; name = AppDelegate.mm; path = ErrorRepro/AppDelegate.mm; sourceTree = "<group>"; };
		13B07FB51A68108700A75B9A /* Images.xcassets */ = {isa = PBXFileReference; lastKnownFileType = folder.assetcatalog; name = Images.xcassets; path = ErrorRepro/Images.xcassets; sourceTree = "<group>"; };
		13B07FB61A68108700A75B9A /* Info.plist */ = {isa = PBXFileReference; fileEncoding = 4; lastKnownFileType = text.plist.xml; name = Info.plist; path = ErrorRepro/Info.plist; sourceTree = "<group>"; };
		13B07FB71A68108700A75B9A /* main.m */ = {isa = PBXFileReference; fileEncoding = 4; lastKnownFileType = sourcecode.c.objc; name = main.m; path = ErrorRepro/main.m; sourceTree = "<group>"; };
		1820728829C9B6D3005AB7E5 /* WidgetKit.framework */ = {isa = PBXFileReference; lastKnownFileType = wrapper.framework; name = WidgetKit.framework; path = System/Library/Frameworks/WidgetKit.framework; sourceTree = SDKROOT; };
		1820728A29C9B6D3005AB7E5 /* SwiftUI.framework */ = {isa = PBXFileReference; lastKnownFileType = wrapper.framework; name = SwiftUI.framework; path = System/Library/Frameworks/SwiftUI.framework; sourceTree = SDKROOT; };
		182072BE29C9B8BD005AB7E5 /* LiveActivityDynamicIslandExtension.appex */ = {isa = PBXFileReference; explicitFileType = "wrapper.app-extension"; includeInIndex = 0; path = LiveActivityDynamicIslandExtension.appex; sourceTree = BUILT_PRODUCTS_DIR; };
		182072C629C9B8BE005AB7E5 /* LiveActivityDynamicIsland.swift */ = {isa = PBXFileReference; lastKnownFileType = sourcecode.swift; path = LiveActivityDynamicIsland.swift; sourceTree = "<group>"; };
		182072C929C9B8C4005AB7E5 /* Assets.xcassets */ = {isa = PBXFileReference; lastKnownFileType = folder.assetcatalog; path = Assets.xcassets; sourceTree = "<group>"; };
		182072CB29C9B8C5005AB7E5 /* Info.plist */ = {isa = PBXFileReference; lastKnownFileType = text.plist.xml; path = Info.plist; sourceTree = "<group>"; };
		1888527A28980B9B00C0CB56 /* CleverTapGeofencingWrapper.h */ = {isa = PBXFileReference; lastKnownFileType = sourcecode.c.h; name = CleverTapGeofencingWrapper.h; path = ErrorRepro/CleverTapGeofencingWrapper/CleverTapGeofencingWrapper.h; sourceTree = "<group>"; };
		1888527B28980C2B00C0CB56 /* CleverTapGeofencingWrapper.m */ = {isa = PBXFileReference; lastKnownFileType = sourcecode.c.objc; name = CleverTapGeofencingWrapper.m; path = ErrorRepro/CleverTapGeofencingWrapper/CleverTapGeofencingWrapper.m; sourceTree = "<group>"; };
		18B49F122861E96A00B04851 /* Dynamic.swift */ = {isa = PBXFileReference; lastKnownFileType = sourcecode.swift; path = Dynamic.swift; sourceTree = "<group>"; };
		18B49F162861EA3800B04851 /* ErrorRepro-Bridging-Header.h */ = {isa = PBXFileReference; lastKnownFileType = sourcecode.c.h; path = "ErrorRepro-Bridging-Header.h"; sourceTree = "<group>"; };
		18B49F172861ED7D00B04851 /* splash.json */ = {isa = PBXFileReference; fileEncoding = 4; lastKnownFileType = text.json; name = splash.json; path = ErrorRepro/splash.json; sourceTree = "<group>"; };
		18C3865C2892894A0008A21E /* ErrorRepro */ = {isa = PBXFileReference; lastKnownFileType = folder; path = ErrorRepro; sourceTree = "<group>"; };
		18C3865D2892895A0008A21E /* AdjustSigSdk.xcframework */ = {isa = PBXFileReference; lastKnownFileType = wrapper.xcframework; name = AdjustSigSdk.xcframework; path = ErrorRepro/AdjustSigSdk.xcframework; sourceTree = "<group>"; };
		18F8F02A29FAABE100D64A18 /* ninja.mp3 */ = {isa = PBXFileReference; lastKnownFileType = audio.mp3; path = ninja.mp3; sourceTree = "<group>"; };
		18FBB91729CAEEF500D97361 /* LiveActivityDynamicIslandExtension.entitlements */ = {isa = PBXFileReference; lastKnownFileType = text.plist.entitlements; path = LiveActivityDynamicIslandExtension.entitlements; sourceTree = "<group>"; };
		1A4B5A04183C459FB0BD45E7 /* Poppins-MediumItalic.ttf */ = {isa = PBXFileReference; explicitFileType = undefined; fileEncoding = 9; includeInIndex = 0; lastKnownFileType = unknown; name = "Poppins-MediumItalic.ttf"; path = "../assets/fonts/Poppins-MediumItalic.ttf"; sourceTree = "<group>"; };
		1D0AE47A65C8663E3B452821 /* Pods-ErrorRepro-ErrorReproTests.release.xcconfig */ = {isa = PBXFileReference; includeInIndex = 1; lastKnownFileType = text.xcconfig; name = "Pods-ErrorRepro-ErrorReproTests.release.xcconfig"; path = "Target Support Files/Pods-ErrorRepro-ErrorReproTests/Pods-ErrorRepro-ErrorReproTests.release.xcconfig"; sourceTree = "<group>"; };
		1D784E8AE2CE4370B9D551AD /* Poppins-SemiBold.ttf */ = {isa = PBXFileReference; explicitFileType = undefined; fileEncoding = 9; includeInIndex = 0; lastKnownFileType = unknown; name = "Poppins-SemiBold.ttf"; path = "../assets/fonts/Poppins-SemiBold.ttf"; sourceTree = "<group>"; };
		2DC44B0C3B7643AFBC1E9AEE /* Poppins-Medium.ttf */ = {isa = PBXFileReference; explicitFileType = undefined; fileEncoding = 9; includeInIndex = 0; lastKnownFileType = unknown; name = "Poppins-Medium.ttf"; path = "../assets/fonts/Poppins-Medium.ttf"; sourceTree = "<group>"; };
		49E351838CF64517A208870C /* Poppins-Bold.ttf */ = {isa = PBXFileReference; explicitFileType = undefined; fileEncoding = 9; includeInIndex = 0; lastKnownFileType = unknown; name = "Poppins-Bold.ttf"; path = "../assets/fonts/Poppins-Bold.ttf"; sourceTree = "<group>"; };
		555DB92192234108B3D53647 /* Poppins-Italic.ttf */ = {isa = PBXFileReference; explicitFileType = undefined; fileEncoding = 9; includeInIndex = 0; lastKnownFileType = unknown; name = "Poppins-Italic.ttf"; path = "../assets/fonts/Poppins-Italic.ttf"; sourceTree = "<group>"; };
		5D8C1CB79DE047C389E1D78C /* Poppins-Thin.ttf */ = {isa = PBXFileReference; explicitFileType = undefined; fileEncoding = 9; includeInIndex = 0; lastKnownFileType = unknown; name = "Poppins-Thin.ttf"; path = "../assets/fonts/Poppins-Thin.ttf"; sourceTree = "<group>"; };
		617B158DA4CB42058D530845 /* Poppins-ExtraLight.ttf */ = {isa = PBXFileReference; explicitFileType = undefined; fileEncoding = 9; includeInIndex = 0; lastKnownFileType = unknown; name = "Poppins-ExtraLight.ttf"; path = "../assets/fonts/Poppins-ExtraLight.ttf"; sourceTree = "<group>"; };
		6423831EA8574132BED9D8CC /* libPods-ErrorRepro.a */ = {isa = PBXFileReference; explicitFileType = archive.ar; includeInIndex = 0; path = "libPods-ErrorRepro.a"; sourceTree = BUILT_PRODUCTS_DIR; };
		6C97AB639B58BBB4B15BBE30 /* Pods-ErrorRepro-ErrorReproTests.debug.xcconfig */ = {isa = PBXFileReference; includeInIndex = 1; lastKnownFileType = text.xcconfig; name = "Pods-ErrorRepro-ErrorReproTests.debug.xcconfig"; path = "Target Support Files/Pods-ErrorRepro-ErrorReproTests/Pods-ErrorRepro-ErrorReproTests.debug.xcconfig"; sourceTree = "<group>"; };
		6CBBA1537FB54901B5C5A85C /* Poppins-ThinItalic.ttf */ = {isa = PBXFileReference; explicitFileType = undefined; fileEncoding = 9; includeInIndex = 0; lastKnownFileType = unknown; name = "Poppins-ThinItalic.ttf"; path = "../assets/fonts/Poppins-ThinItalic.ttf"; sourceTree = "<group>"; };
		75313CA0CA56431692B2DB86 /* Poppins-BoldItalic.ttf */ = {isa = PBXFileReference; explicitFileType = undefined; fileEncoding = 9; includeInIndex = 0; lastKnownFileType = unknown; name = "Poppins-BoldItalic.ttf"; path = "../assets/fonts/Poppins-BoldItalic.ttf"; sourceTree = "<group>"; };
		81AB9BB72411601600AC10FF /* LaunchScreen.storyboard */ = {isa = PBXFileReference; fileEncoding = 4; lastKnownFileType = file.storyboard; name = LaunchScreen.storyboard; path = ErrorRepro/LaunchScreen.storyboard; sourceTree = "<group>"; };
		9409D0B527B3EDE200303E80 /* ErrorRepro.entitlements */ = {isa = PBXFileReference; fileEncoding = 4; lastKnownFileType = text.plist.entitlements; name = ErrorRepro.entitlements; path = ErrorRepro/ErrorRepro.entitlements; sourceTree = "<group>"; };
		941C502B27B5FDE300FA35BC /* logo.png */ = {isa = PBXFileReference; lastKnownFileType = image.png; name = logo.png; path = ../assets/logo.png; sourceTree = "<group>"; };
		943D4EFC27B3ECA000B9D784 /* GoogleService-Info.plist */ = {isa = PBXFileReference; fileEncoding = 4; lastKnownFileType = text.plist.xml; path = "GoogleService-Info.plist"; sourceTree = "<group>"; };
		943D4EFD27B3ECA000B9D784 /* AppCenter-Config.plist */ = {isa = PBXFileReference; fileEncoding = 4; lastKnownFileType = text.plist.xml; path = "AppCenter-Config.plist"; sourceTree = "<group>"; };
		95A54C92295B43B69405CEF9 /* Poppins-BlackItalic.ttf */ = {isa = PBXFileReference; explicitFileType = undefined; fileEncoding = 9; includeInIndex = 0; lastKnownFileType = unknown; name = "Poppins-BlackItalic.ttf"; path = "../assets/fonts/Poppins-BlackItalic.ttf"; sourceTree = "<group>"; };
		9922ABA6B7F0477797757CD7 /* Poppins-ExtraBold.ttf */ = {isa = PBXFileReference; explicitFileType = undefined; fileEncoding = 9; includeInIndex = 0; lastKnownFileType = unknown; name = "Poppins-ExtraBold.ttf"; path = "../assets/fonts/Poppins-ExtraBold.ttf"; sourceTree = "<group>"; };
		99F2B76827CBCFC5005CAD3C /* MapKit.framework */ = {isa = PBXFileReference; lastKnownFileType = wrapper.framework; name = MapKit.framework; path = System/Library/Frameworks/MapKit.framework; sourceTree = SDKROOT; };
		9E5E3BA696714D77854D19B0 /* Poppins-ExtraLightItalic.ttf */ = {isa = PBXFileReference; explicitFileType = undefined; fileEncoding = 9; includeInIndex = 0; lastKnownFileType = unknown; name = "Poppins-ExtraLightItalic.ttf"; path = "../assets/fonts/Poppins-ExtraLightItalic.ttf"; sourceTree = "<group>"; };
		A079264B296D53910081164B /* libaia-react-native-idfa.a */ = {isa = PBXFileReference; explicitFileType = archive.ar; path = "libaia-react-native-idfa.a"; sourceTree = BUILT_PRODUCTS_DIR; };
		A079264D296D53AB0081164B /* iAd.framework */ = {isa = PBXFileReference; lastKnownFileType = wrapper.framework; name = iAd.framework; path = System/Library/Frameworks/iAd.framework; sourceTree = SDKROOT; };
		A079264F296D53B70081164B /* AdServices.framework */ = {isa = PBXFileReference; lastKnownFileType = wrapper.framework; name = AdServices.framework; path = System/Library/Frameworks/AdServices.framework; sourceTree = SDKROOT; };
		A0792651296D53C50081164B /* AdSupport.framework */ = {isa = PBXFileReference; lastKnownFileType = wrapper.framework; name = AdSupport.framework; path = System/Library/Frameworks/AdSupport.framework; sourceTree = SDKROOT; };
		A0792653296D53D40081164B /* StoreKit.framework */ = {isa = PBXFileReference; lastKnownFileType = wrapper.framework; name = StoreKit.framework; path = System/Library/Frameworks/StoreKit.framework; sourceTree = SDKROOT; };
		A0792655296D53E00081164B /* AppTrackingTransparency.framework */ = {isa = PBXFileReference; lastKnownFileType = wrapper.framework; name = AppTrackingTransparency.framework; path = System/Library/Frameworks/AppTrackingTransparency.framework; sourceTree = SDKROOT; };
		A0792657296D54120081164B /* WebKit.framework */ = {isa = PBXFileReference; lastKnownFileType = wrapper.framework; name = WebKit.framework; path = System/Library/Frameworks/WebKit.framework; sourceTree = SDKROOT; };
		ABFE59519B596E51CEFDCCC0 /* libPods-ErrorRepro-ErrorReproTests.a */ = {isa = PBXFileReference; explicitFileType = archive.ar; includeInIndex = 0; path = "libPods-ErrorRepro-ErrorReproTests.a"; sourceTree = BUILT_PRODUCTS_DIR; };
		BE469295A82249A1B0236334 /* Poppins-Regular.ttf */ = {isa = PBXFileReference; explicitFileType = undefined; fileEncoding = 9; includeInIndex = 0; lastKnownFileType = unknown; name = "Poppins-Regular.ttf"; path = "../assets/fonts/Poppins-Regular.ttf"; sourceTree = "<group>"; };
		C0A881CF5CF3F2B244570E2A /* Pods-ErrorRepro.debug.xcconfig */ = {isa = PBXFileReference; includeInIndex = 1; lastKnownFileType = text.xcconfig; name = "Pods-ErrorRepro.debug.xcconfig"; path = "Target Support Files/Pods-ErrorRepro/Pods-ErrorRepro.debug.xcconfig"; sourceTree = "<group>"; };
		C83E4B89356A4B538E5723F7 /* Poppins-ExtraBoldItalic.ttf */ = {isa = PBXFileReference; explicitFileType = undefined; fileEncoding = 9; includeInIndex = 0; lastKnownFileType = unknown; name = "Poppins-ExtraBoldItalic.ttf"; path = "../assets/fonts/Poppins-ExtraBoldItalic.ttf"; sourceTree = "<group>"; };
		D00AAFFCFCFDA5787532823F /* Pods-ErrorRepro.release.xcconfig */ = {isa = PBXFileReference; includeInIndex = 1; lastKnownFileType = text.xcconfig; name = "Pods-ErrorRepro.release.xcconfig"; path = "Target Support Files/Pods-ErrorRepro/Pods-ErrorRepro.release.xcconfig"; sourceTree = "<group>"; };
		D2C05B9A32EF45A19AEB6DB5 /* Poppins-Black.ttf */ = {isa = PBXFileReference; explicitFileType = undefined; fileEncoding = 9; includeInIndex = 0; lastKnownFileType = unknown; name = "Poppins-Black.ttf"; path = "../assets/fonts/Poppins-Black.ttf"; sourceTree = "<group>"; };
		E1543BB3DFAEE4A4CA3CDE20 /* ExpoModulesProvider.swift */ = {isa = PBXFileReference; includeInIndex = 1; lastKnownFileType = sourcecode.swift; name = ExpoModulesProvider.swift; path = "Pods/Target Support Files/Pods-ErrorRepro/ExpoModulesProvider.swift"; sourceTree = "<group>"; };
		ED297162215061F000B7C4FE /* JavaScriptCore.framework */ = {isa = PBXFileReference; lastKnownFileType = wrapper.framework; name = JavaScriptCore.framework; path = System/Library/Frameworks/JavaScriptCore.framework; sourceTree = SDKROOT; };
		F0DB652E4EFC4609AE688828 /* Poppins-LightItalic.ttf */ = {isa = PBXFileReference; explicitFileType = undefined; fileEncoding = 9; includeInIndex = 0; lastKnownFileType = unknown; name = "Poppins-LightItalic.ttf"; path = "../assets/fonts/Poppins-LightItalic.ttf"; sourceTree = "<group>"; };
/* End PBXFileReference section */

/* Begin PBXFrameworksBuildPhase section */
		13B07F8C1A680F5B00A75B9A /* Frameworks */ = {
			isa = PBXFrameworksBuildPhase;
			buildActionMask = 2147483647;
			files = (
				A0792658296D54120081164B /* WebKit.framework in Frameworks */,
				A0792656296D53E00081164B /* AppTrackingTransparency.framework in Frameworks */,
				A0792654296D53D40081164B /* StoreKit.framework in Frameworks */,
				A0792652296D53C50081164B /* AdSupport.framework in Frameworks */,
				A0792650296D53B70081164B /* AdServices.framework in Frameworks */,
				A079264E296D53AB0081164B /* iAd.framework in Frameworks */,
				99F2B76927CBCFC5005CAD3C /* MapKit.framework in Frameworks */,
				18C3865E2892895A0008A21E /* AdjustSigSdk.xcframework in Frameworks */,
				6172F2D35A4C3AA820D92908 /* libPods-ErrorRepro.a in Frameworks */,
			);
			runOnlyForDeploymentPostprocessing = 0;
		};
		182072BB29C9B8BD005AB7E5 /* Frameworks */ = {
			isa = PBXFrameworksBuildPhase;
			buildActionMask = 2147483647;
			files = (
				182072C029C9B8BD005AB7E5 /* SwiftUI.framework in Frameworks */,
				182072BF29C9B8BD005AB7E5 /* WidgetKit.framework in Frameworks */,
			);
			runOnlyForDeploymentPostprocessing = 0;
		};
/* End PBXFrameworksBuildPhase section */

/* Begin PBXGroup section */
		00E356EF1AD99517003FC87E /* ErrorReproTests */ = {
			isa = PBXGroup;
			children = (
				00E356F21AD99517003FC87E /* ErrorReproTests.m */,
				00E356F01AD99517003FC87E /* Supporting Files */,
			);
			path = ErrorReproTests;
			sourceTree = "<group>";
		};
		00E356F01AD99517003FC87E /* Supporting Files */ = {
			isa = PBXGroup;
			children = (
				00E356F11AD99517003FC87E /* Info.plist */,
			);
			name = "Supporting Files";
			sourceTree = "<group>";
		};
		13B07FAE1A68108700A75B9A /* ErrorRepro */ = {
			isa = PBXGroup;
			children = (
				18F8F02A29FAABE100D64A18 /* ninja.mp3 */,
				1888527928980B2C00C0CB56 /* CleverTapGeofencing */,
				9409D0B527B3EDE200303E80 /* ErrorRepro.entitlements */,
				13B07FAF1A68108700A75B9A /* AppDelegate.h */,
				13B07FB01A68108700A75B9A /* AppDelegate.mm */,
				13B07FB51A68108700A75B9A /* Images.xcassets */,
				13B07FB61A68108700A75B9A /* Info.plist */,
				81AB9BB72411601600AC10FF /* LaunchScreen.storyboard */,
				13B07FB71A68108700A75B9A /* main.m */,
				943D4EFD27B3ECA000B9D784 /* AppCenter-Config.plist */,
				943D4EFC27B3ECA000B9D784 /* GoogleService-Info.plist */,
				941C502B27B5FDE300FA35BC /* logo.png */,
				18B49F122861E96A00B04851 /* Dynamic.swift */,
				18B49F172861ED7D00B04851 /* splash.json */,
				18B49F162861EA3800B04851 /* ErrorRepro-Bridging-Header.h */,
			);
			name = ErrorRepro;
			sourceTree = "<group>";
		};
		182072C129C9B8BE005AB7E5 /* LiveActivityDynamicIsland */ = {
			isa = PBXGroup;
			children = (
				182072C629C9B8BE005AB7E5 /* LiveActivityDynamicIsland.swift */,
				182072C929C9B8C4005AB7E5 /* Assets.xcassets */,
				182072CB29C9B8C5005AB7E5 /* Info.plist */,
			);
			path = LiveActivityDynamicIsland;
			sourceTree = "<group>";
		};
		1888527928980B2C00C0CB56 /* CleverTapGeofencing */ = {
			isa = PBXGroup;
			children = (
				1888527A28980B9B00C0CB56 /* CleverTapGeofencingWrapper.h */,
				1888527B28980C2B00C0CB56 /* CleverTapGeofencingWrapper.m */,
			);
			name = CleverTapGeofencing;
			sourceTree = "<group>";
		};
		2D16E6871FA4F8E400B85C8A /* Frameworks */ = {
			isa = PBXGroup;
			children = (
				A0792657296D54120081164B /* WebKit.framework */,
				A0792655296D53E00081164B /* AppTrackingTransparency.framework */,
				A0792653296D53D40081164B /* StoreKit.framework */,
				A0792651296D53C50081164B /* AdSupport.framework */,
				A079264F296D53B70081164B /* AdServices.framework */,
				A079264D296D53AB0081164B /* iAd.framework */,
				A079264B296D53910081164B /* libaia-react-native-idfa.a */,
				18C3865D2892895A0008A21E /* AdjustSigSdk.xcframework */,
				18C3865C2892894A0008A21E /* ErrorRepro */,
				99F2B76827CBCFC5005CAD3C /* MapKit.framework */,
				ED297162215061F000B7C4FE /* JavaScriptCore.framework */,
				6423831EA8574132BED9D8CC /* libPods-ErrorRepro.a */,
				ABFE59519B596E51CEFDCCC0 /* libPods-ErrorRepro-ErrorReproTests.a */,
				1820728829C9B6D3005AB7E5 /* WidgetKit.framework */,
				1820728A29C9B6D3005AB7E5 /* SwiftUI.framework */,
			);
			name = Frameworks;
			sourceTree = "<group>";
		};
		3C7887BEC679E8DF0F012759 /* ErrorRepro */ = {
			isa = PBXGroup;
			children = (
				E1543BB3DFAEE4A4CA3CDE20 /* ExpoModulesProvider.swift */,
			);
			name = ErrorRepro;
			sourceTree = "<group>";
		};
		79097F3E50A6474BAE8A908A /* Resources */ = {
			isa = PBXGroup;
			children = (
				D2C05B9A32EF45A19AEB6DB5 /* Poppins-Black.ttf */,
				95A54C92295B43B69405CEF9 /* Poppins-BlackItalic.ttf */,
				49E351838CF64517A208870C /* Poppins-Bold.ttf */,
				75313CA0CA56431692B2DB86 /* Poppins-BoldItalic.ttf */,
				9922ABA6B7F0477797757CD7 /* Poppins-ExtraBold.ttf */,
				C83E4B89356A4B538E5723F7 /* Poppins-ExtraBoldItalic.ttf */,
				617B158DA4CB42058D530845 /* Poppins-ExtraLight.ttf */,
				9E5E3BA696714D77854D19B0 /* Poppins-ExtraLightItalic.ttf */,
				555DB92192234108B3D53647 /* Poppins-Italic.ttf */,
				11B664DEAC9242509C430566 /* Poppins-Light.ttf */,
				F0DB652E4EFC4609AE688828 /* Poppins-LightItalic.ttf */,
				2DC44B0C3B7643AFBC1E9AEE /* Poppins-Medium.ttf */,
				1A4B5A04183C459FB0BD45E7 /* Poppins-MediumItalic.ttf */,
				BE469295A82249A1B0236334 /* Poppins-Regular.ttf */,
				1D784E8AE2CE4370B9D551AD /* Poppins-SemiBold.ttf */,
				0D0E250F8B074281A36A2FF3 /* Poppins-SemiBoldItalic.ttf */,
				5D8C1CB79DE047C389E1D78C /* Poppins-Thin.ttf */,
				6CBBA1537FB54901B5C5A85C /* Poppins-ThinItalic.ttf */,
			);
			name = Resources;
			sourceTree = "<group>";
		};
		832341AE1AAA6A7D00B99B32 /* Libraries */ = {
			isa = PBXGroup;
			children = (
			);
			name = Libraries;
			sourceTree = "<group>";
		};
		83CBB9F61A601CBA00E9B192 = {
			isa = PBXGroup;
			children = (
				18FBB91729CAEEF500D97361 /* LiveActivityDynamicIslandExtension.entitlements */,
				13B07FAE1A68108700A75B9A /* ErrorRepro */,
				832341AE1AAA6A7D00B99B32 /* Libraries */,
				00E356EF1AD99517003FC87E /* ErrorReproTests */,
				182072C129C9B8BE005AB7E5 /* LiveActivityDynamicIsland */,
				83CBBA001A601CBA00E9B192 /* Products */,
				2D16E6871FA4F8E400B85C8A /* Frameworks */,
				E233CBF5F47BEE60B243DCF8 /* Pods */,
				79097F3E50A6474BAE8A908A /* Resources */,
				C43F76C128D5C756DA29FFA4 /* ExpoModulesProviders */,
			);
			indentWidth = 2;
			sourceTree = "<group>";
			tabWidth = 2;
			usesTabs = 0;
		};
		83CBBA001A601CBA00E9B192 /* Products */ = {
			isa = PBXGroup;
			children = (
				13B07F961A680F5B00A75B9A /* ErrorRepro.app */,
				182072BE29C9B8BD005AB7E5 /* LiveActivityDynamicIslandExtension.appex */,
			);
			name = Products;
			sourceTree = "<group>";
		};
		C43F76C128D5C756DA29FFA4 /* ExpoModulesProviders */ = {
			isa = PBXGroup;
			children = (
				3C7887BEC679E8DF0F012759 /* ErrorRepro */,
			);
			name = ExpoModulesProviders;
			sourceTree = "<group>";
		};
		E233CBF5F47BEE60B243DCF8 /* Pods */ = {
			isa = PBXGroup;
			children = (
				C0A881CF5CF3F2B244570E2A /* Pods-ErrorRepro.debug.xcconfig */,
				D00AAFFCFCFDA5787532823F /* Pods-ErrorRepro.release.xcconfig */,
				6C97AB639B58BBB4B15BBE30 /* Pods-ErrorRepro-ErrorReproTests.debug.xcconfig */,
				1D0AE47A65C8663E3B452821 /* Pods-ErrorRepro-ErrorReproTests.release.xcconfig */,
			);
			path = Pods;
			sourceTree = "<group>";
		};
/* End PBXGroup section */

/* Begin PBXNativeTarget section */
		13B07F861A680F5B00A75B9A /* ErrorRepro */ = {
			isa = PBXNativeTarget;
			buildConfigurationList = 13B07F931A680F5B00A75B9A /* Build configuration list for PBXNativeTarget "ErrorRepro" */;
			buildPhases = (
				3E482C27206C4DEF2FE45063 /* [CP] Check Pods Manifest.lock */,
				FD10A7F022414F080027D42C /* Start Packager */,
				1EA4FC2E1A5C301412441442 /* [Expo] Configure project */,
				13B07F871A680F5B00A75B9A /* Sources */,
				13B07F8C1A680F5B00A75B9A /* Frameworks */,
				13B07F8E1A680F5B00A75B9A /* Resources */,
				00DD1BFF1BD5951E006B06BC /* Bundle React Native code and images */,
				185E4EF72990E7CD002A9316 /* ShellScript */,
				C8AC78B0264D0F9F6F6D630E /* [CP] Embed Pods Frameworks */,
				ADC9DDC32298B72B3CF5DC8E /* [CP] Copy Pods Resources */,
				0ED06F2AB1955458F608F2FE /* [CP-User] [RNFB] Core Configuration */,
				18C386602892895A0008A21E /* Embed Frameworks */,
				186CD07E16CBE09C8612824F /* [CP-User] [RNFB] Crashlytics Configuration */,
				1820729F29C9B6D8005AB7E5 /* Embed Foundation Extensions */,
			);
			buildRules = (
			);
			dependencies = (
				182072CF29C9B8C5005AB7E5 /* PBXTargetDependency */,
			);
			name = ErrorRepro;
			productName = ErrorRepro;
			productReference = 13B07F961A680F5B00A75B9A /* ErrorRepro.app */;
			productType = "com.apple.product-type.application";
		};
		182072BD29C9B8BD005AB7E5 /* LiveActivityDynamicIslandExtension */ = {
			isa = PBXNativeTarget;
			buildConfigurationList = 182072D129C9B8C5005AB7E5 /* Build configuration list for PBXNativeTarget "LiveActivityDynamicIslandExtension" */;
			buildPhases = (
				182072BA29C9B8BD005AB7E5 /* Sources */,
				182072BB29C9B8BD005AB7E5 /* Frameworks */,
				182072BC29C9B8BD005AB7E5 /* Resources */,
			);
			buildRules = (
			);
			dependencies = (
			);
			name = LiveActivityDynamicIslandExtension;
			productName = LiveActivityDynamicIslandExtension;
			productReference = 182072BE29C9B8BD005AB7E5 /* LiveActivityDynamicIslandExtension.appex */;
			productType = "com.apple.product-type.app-extension";
		};
/* End PBXNativeTarget section */

/* Begin PBXProject section */
		83CBB9F71A601CBA00E9B192 /* Project object */ = {
			isa = PBXProject;
			attributes = {
				LastSwiftUpdateCheck = 1420;
				LastUpgradeCheck = 1210;
				TargetAttributes = {
					13B07F861A680F5B00A75B9A = {
						LastSwiftMigration = 1120;
					};
					182072BD29C9B8BD005AB7E5 = {
						CreatedOnToolsVersion = 14.2;
					};
				};
			};
			buildConfigurationList = 83CBB9FA1A601CBA00E9B192 /* Build configuration list for PBXProject "ErrorRepro" */;
			compatibilityVersion = "Xcode 12.0";
			developmentRegion = en;
			hasScannedForEncodings = 0;
			knownRegions = (
				en,
				Base,
			);
			mainGroup = 83CBB9F61A601CBA00E9B192;
			productRefGroup = 83CBBA001A601CBA00E9B192 /* Products */;
			projectDirPath = "";
			projectRoot = "";
			targets = (
				13B07F861A680F5B00A75B9A /* ErrorRepro */,
				182072BD29C9B8BD005AB7E5 /* LiveActivityDynamicIslandExtension */,
			);
		};
/* End PBXProject section */

/* Begin PBXResourcesBuildPhase section */
		13B07F8E1A680F5B00A75B9A /* Resources */ = {
			isa = PBXResourcesBuildPhase;
			buildActionMask = 2147483647;
			files = (
				81AB9BB82411601600AC10FF /* LaunchScreen.storyboard in Resources */,
				941C502C27B5FDE300FA35BC /* logo.png in Resources */,
				943D4EFF27B3ECA000B9D784 /* AppCenter-Config.plist in Resources */,
				13B07FBF1A68108700A75B9A /* Images.xcassets in Resources */,
				943D4EFE27B3ECA000B9D784 /* GoogleService-Info.plist in Resources */,
				F947E77768594D5084085861 /* Poppins-Black.ttf in Resources */,
				18B49F182861ED7D00B04851 /* splash.json in Resources */,
				BBCA65122DCD46CE82570A3A /* Poppins-BlackItalic.ttf in Resources */,
				13E75F2F33454C28881400C6 /* Poppins-Bold.ttf in Resources */,
				BAE7A36944BA458B8848C087 /* Poppins-BoldItalic.ttf in Resources */,
				13856F916A8F497BB4BCD799 /* Poppins-ExtraBold.ttf in Resources */,
				D1D6691BA1AA45AE9831493C /* Poppins-ExtraBoldItalic.ttf in Resources */,
				F0547397F1AA4DB0AFEE83B4 /* Poppins-ExtraLight.ttf in Resources */,
				12A808D6A5964A70BD15A45E /* Poppins-ExtraLightItalic.ttf in Resources */,
				DDB89A7AC1ED4F96A5B4B852 /* Poppins-Italic.ttf in Resources */,
				2CD8C506CE4F45C7A9B0550C /* Poppins-Light.ttf in Resources */,
				18F8F02B29FAABE200D64A18 /* ninja.mp3 in Resources */,
				6BA88074955345848D01D96F /* Poppins-LightItalic.ttf in Resources */,
				D578129916874D4FB23033B2 /* Poppins-Medium.ttf in Resources */,
				33EB6C0D2A5E46D5804DC94C /* Poppins-MediumItalic.ttf in Resources */,
				37A26AA869334A88B1DBBB9C /* Poppins-Regular.ttf in Resources */,
				8492D67185264A94BCBA1900 /* Poppins-SemiBold.ttf in Resources */,
				61CD9F904ED5409FB80A9DC7 /* Poppins-SemiBoldItalic.ttf in Resources */,
				E35CF1FEC039451AB3A0E4F7 /* Poppins-Thin.ttf in Resources */,
				0C26E25C706E419994560B78 /* Poppins-ThinItalic.ttf in Resources */,
			);
			runOnlyForDeploymentPostprocessing = 0;
		};
		182072BC29C9B8BD005AB7E5 /* Resources */ = {
			isa = PBXResourcesBuildPhase;
			buildActionMask = 2147483647;
			files = (
				182072CA29C9B8C4005AB7E5 /* Assets.xcassets in Resources */,
			);
			runOnlyForDeploymentPostprocessing = 0;
		};
/* End PBXResourcesBuildPhase section */

/* Begin PBXShellScriptBuildPhase section */
		00DD1BFF1BD5951E006B06BC /* Bundle React Native code and images */ = {
			isa = PBXShellScriptBuildPhase;
			buildActionMask = 2147483647;
			files = (
			);
			inputPaths = (
			);
			name = "Bundle React Native code and images";
			outputPaths = (
			);
			runOnlyForDeploymentPostprocessing = 0;
			shellPath = /bin/sh;
			shellScript = "set -e\nexport NODE_BINARY=node\nexport EXTRA_PACKAGER_ARGS=\"--sourcemap-output $DERIVED_FILE_DIR/main.jsbundle.map\"\nexport SENTRY_PROPERTIES=../sentry.properties\n\n\n../node_modules/@sentry/cli/bin/sentry-cli react-native xcode \\\n  ../node_modules/react-native/scripts/react-native-xcode.sh\n";
		};
		0ED06F2AB1955458F608F2FE /* [CP-User] [RNFB] Core Configuration */ = {
			isa = PBXShellScriptBuildPhase;
			buildActionMask = 2147483647;
			files = (
			);
			inputPaths = (
				"$(BUILT_PRODUCTS_DIR)/$(INFOPLIST_PATH)",
			);
			name = "[CP-User] [RNFB] Core Configuration";
			runOnlyForDeploymentPostprocessing = 0;
			shellPath = /bin/sh;
			shellScript = "#!/usr/bin/env bash\n#\n# Copyright (c) 2016-present Invertase Limited & Contributors\n#\n# Licensed under the Apache License, Version 2.0 (the \"License\");\n# you may not use this library except in compliance with the License.\n# You may obtain a copy of the License at\n#\n#   http://www.apache.org/licenses/LICENSE-2.0\n#\n# Unless required by applicable law or agreed to in writing, software\n# distributed under the License is distributed on an \"AS IS\" BASIS,\n# WITHOUT WARRANTIES OR CONDITIONS OF ANY KIND, either express or implied.\n# See the License for the specific language governing permissions and\n# limitations under the License.\n#\nset -e\n\n_MAX_LOOKUPS=2;\n_SEARCH_RESULT=''\n_RN_ROOT_EXISTS=''\n_CURRENT_LOOKUPS=1\n_JSON_ROOT=\"'react-native'\"\n_JSON_FILE_NAME='firebase.json'\n_JSON_OUTPUT_BASE64='e30=' # { }\n_CURRENT_SEARCH_DIR=${PROJECT_DIR}\n_PLIST_BUDDY=/usr/libexec/PlistBuddy\n_TARGET_PLIST=\"${BUILT_PRODUCTS_DIR}/${INFOPLIST_PATH}\"\n_DSYM_PLIST=\"${DWARF_DSYM_FOLDER_PATH}/${DWARF_DSYM_FILE_NAME}/Contents/Info.plist\"\n\n# plist arrays\n_PLIST_ENTRY_KEYS=()\n_PLIST_ENTRY_TYPES=()\n_PLIST_ENTRY_VALUES=()\n\nfunction setPlistValue {\n  echo \"info:      setting plist entry '$1' of type '$2' in file '$4'\"\n  ${_PLIST_BUDDY} -c \"Add :$1 $2 '$3'\" $4 || echo \"info:      '$1' already exists\"\n}\n\nfunction getFirebaseJsonKeyValue () {\n  if [[ ${_RN_ROOT_EXISTS} ]]; then\n    ruby -Ku -e \"require 'rubygems';require 'json'; output=JSON.parse('$1'); puts output[$_JSON_ROOT]['$2']\"\n  else\n    echo \"\"\n  fi;\n}\n\nfunction jsonBoolToYesNo () {\n  if [[ $1 == \"false\" ]]; then\n    echo \"NO\"\n  elif [[ $1 == \"true\" ]]; then\n    echo \"YES\"\n  else echo \"NO\"\n  fi\n}\n\necho \"info: -> RNFB build script started\"\necho \"info: 1) Locating ${_JSON_FILE_NAME} file:\"\n\nif [[ -z ${_CURRENT_SEARCH_DIR} ]]; then\n  _CURRENT_SEARCH_DIR=$(pwd)\nfi;\n\nwhile true; do\n  _CURRENT_SEARCH_DIR=$(dirname \"$_CURRENT_SEARCH_DIR\")\n  if [[ \"$_CURRENT_SEARCH_DIR\" == \"/\" ]] || [[ ${_CURRENT_LOOKUPS} -gt ${_MAX_LOOKUPS} ]]; then break; fi;\n  echo \"info:      ($_CURRENT_LOOKUPS of $_MAX_LOOKUPS) Searching in '$_CURRENT_SEARCH_DIR' for a ${_JSON_FILE_NAME} file.\"\n  _SEARCH_RESULT=$(find \"$_CURRENT_SEARCH_DIR\" -maxdepth 2 -name ${_JSON_FILE_NAME} -print | /usr/bin/head -n 1)\n  if [[ ${_SEARCH_RESULT} ]]; then\n    echo \"info:      ${_JSON_FILE_NAME} found at $_SEARCH_RESULT\"\n    break;\n  fi;\n  _CURRENT_LOOKUPS=$((_CURRENT_LOOKUPS+1))\ndone\n\nif [[ ${_SEARCH_RESULT} ]]; then\n  _JSON_OUTPUT_RAW=$(cat \"${_SEARCH_RESULT}\")\n  _RN_ROOT_EXISTS=$(ruby -Ku -e \"require 'rubygems';require 'json'; output=JSON.parse('$_JSON_OUTPUT_RAW'); puts output[$_JSON_ROOT]\" || echo '')\n\n  if [[ ${_RN_ROOT_EXISTS} ]]; then\n    if ! python3 --version >/dev/null 2>&1; then echo \"python3 not found, firebase.json file processing error.\" && exit 1; fi\n    _JSON_OUTPUT_BASE64=$(python3 -c 'import json,sys,base64;print(base64.b64encode(bytes(json.dumps(json.loads(open('\"'${_SEARCH_RESULT}'\"', '\"'rb'\"').read())['${_JSON_ROOT}']), '\"'utf-8'\"')).decode())' || echo \"e30=\")\n  fi\n\n  _PLIST_ENTRY_KEYS+=(\"firebase_json_raw\")\n  _PLIST_ENTRY_TYPES+=(\"string\")\n  _PLIST_ENTRY_VALUES+=(\"$_JSON_OUTPUT_BASE64\")\n\n  # config.app_data_collection_default_enabled\n  _APP_DATA_COLLECTION_ENABLED=$(getFirebaseJsonKeyValue \"$_JSON_OUTPUT_RAW\" \"app_data_collection_default_enabled\")\n  if [[ $_APP_DATA_COLLECTION_ENABLED ]]; then\n    _PLIST_ENTRY_KEYS+=(\"FirebaseDataCollectionDefaultEnabled\")\n    _PLIST_ENTRY_TYPES+=(\"bool\")\n    _PLIST_ENTRY_VALUES+=(\"$(jsonBoolToYesNo \"$_APP_DATA_COLLECTION_ENABLED\")\")\n  fi\n\n  # config.analytics_auto_collection_enabled\n  _ANALYTICS_AUTO_COLLECTION=$(getFirebaseJsonKeyValue \"$_JSON_OUTPUT_RAW\" \"analytics_auto_collection_enabled\")\n  if [[ $_ANALYTICS_AUTO_COLLECTION ]]; then\n    _PLIST_ENTRY_KEYS+=(\"FIREBASE_ANALYTICS_COLLECTION_ENABLED\")\n    _PLIST_ENTRY_TYPES+=(\"bool\")\n    _PLIST_ENTRY_VALUES+=(\"$(jsonBoolToYesNo \"$_ANALYTICS_AUTO_COLLECTION\")\")\n  fi\n\n  # config.analytics_collection_deactivated\n  _ANALYTICS_DEACTIVATED=$(getFirebaseJsonKeyValue \"$_JSON_OUTPUT_RAW\" \"analytics_collection_deactivated\")\n  if [[ $_ANALYTICS_DEACTIVATED ]]; then\n    _PLIST_ENTRY_KEYS+=(\"FIREBASE_ANALYTICS_COLLECTION_DEACTIVATED\")\n    _PLIST_ENTRY_TYPES+=(\"bool\")\n    _PLIST_ENTRY_VALUES+=(\"$(jsonBoolToYesNo \"$_ANALYTICS_DEACTIVATED\")\")\n  fi\n\n  # config.analytics_idfv_collection_enabled\n  _ANALYTICS_IDFV_COLLECTION=$(getFirebaseJsonKeyValue \"$_JSON_OUTPUT_RAW\" \"analytics_idfv_collection_enabled\")\n  if [[ $_ANALYTICS_IDFV_COLLECTION ]]; then\n    _PLIST_ENTRY_KEYS+=(\"GOOGLE_ANALYTICS_IDFV_COLLECTION_ENABLED\")\n    _PLIST_ENTRY_TYPES+=(\"bool\")\n    _PLIST_ENTRY_VALUES+=(\"$(jsonBoolToYesNo \"$_ANALYTICS_IDFV_COLLECTION\")\")\n  fi\n\n  # config.analytics_default_allow_ad_personalization_signals\n  _ANALYTICS_PERSONALIZATION=$(getFirebaseJsonKeyValue \"$_JSON_OUTPUT_RAW\" \"analytics_default_allow_ad_personalization_signals\")\n  if [[ $_ANALYTICS_PERSONALIZATION ]]; then\n    _PLIST_ENTRY_KEYS+=(\"GOOGLE_ANALYTICS_DEFAULT_ALLOW_AD_PERSONALIZATION_SIGNALS\")\n    _PLIST_ENTRY_TYPES+=(\"bool\")\n    _PLIST_ENTRY_VALUES+=(\"$(jsonBoolToYesNo \"$_ANALYTICS_PERSONALIZATION\")\")\n  fi\n\n  # config.analytics_registration_with_ad_network_enabled\n  _ANALYTICS_REGISTRATION_WITH_AD_NETWORK=$(getFirebaseJsonKeyValue \"$_JSON_OUTPUT_RAW\" \"google_analytics_registration_with_ad_network_enabled\")\n  if [[ $_ANALYTICS_REGISTRATION_WITH_AD_NETWORK ]]; then\n    _PLIST_ENTRY_KEYS+=(\"GOOGLE_ANALYTICS_REGISTRATION_WITH_AD_NETWORK_ENABLED\")\n    _PLIST_ENTRY_TYPES+=(\"bool\")\n    _PLIST_ENTRY_VALUES+=(\"$(jsonBoolToYesNo \"$_ANALYTICS_REGISTRATION_WITH_AD_NETWORK\")\")\n  fi\n\n  # config.google_analytics_automatic_screen_reporting_enabled\n  _ANALYTICS_AUTO_SCREEN_REPORTING=$(getFirebaseJsonKeyValue \"$_JSON_OUTPUT_RAW\" \"google_analytics_automatic_screen_reporting_enabled\")\n  if [[ $_ANALYTICS_AUTO_SCREEN_REPORTING ]]; then\n    _PLIST_ENTRY_KEYS+=(\"FirebaseAutomaticScreenReportingEnabled\")\n    _PLIST_ENTRY_TYPES+=(\"bool\")\n    _PLIST_ENTRY_VALUES+=(\"$(jsonBoolToYesNo \"$_ANALYTICS_AUTO_SCREEN_REPORTING\")\")\n  fi\n\n  # config.perf_auto_collection_enabled\n  _PERF_AUTO_COLLECTION=$(getFirebaseJsonKeyValue \"$_JSON_OUTPUT_RAW\" \"perf_auto_collection_enabled\")\n  if [[ $_PERF_AUTO_COLLECTION ]]; then\n    _PLIST_ENTRY_KEYS+=(\"firebase_performance_collection_enabled\")\n    _PLIST_ENTRY_TYPES+=(\"bool\")\n    _PLIST_ENTRY_VALUES+=(\"$(jsonBoolToYesNo \"$_PERF_AUTO_COLLECTION\")\")\n  fi\n\n  # config.perf_collection_deactivated\n  _PERF_DEACTIVATED=$(getFirebaseJsonKeyValue \"$_JSON_OUTPUT_RAW\" \"perf_collection_deactivated\")\n  if [[ $_PERF_DEACTIVATED ]]; then\n    _PLIST_ENTRY_KEYS+=(\"firebase_performance_collection_deactivated\")\n    _PLIST_ENTRY_TYPES+=(\"bool\")\n    _PLIST_ENTRY_VALUES+=(\"$(jsonBoolToYesNo \"$_PERF_DEACTIVATED\")\")\n  fi\n\n  # config.messaging_auto_init_enabled\n  _MESSAGING_AUTO_INIT=$(getFirebaseJsonKeyValue \"$_JSON_OUTPUT_RAW\" \"messaging_auto_init_enabled\")\n  if [[ $_MESSAGING_AUTO_INIT ]]; then\n    _PLIST_ENTRY_KEYS+=(\"FirebaseMessagingAutoInitEnabled\")\n    _PLIST_ENTRY_TYPES+=(\"bool\")\n    _PLIST_ENTRY_VALUES+=(\"$(jsonBoolToYesNo \"$_MESSAGING_AUTO_INIT\")\")\n  fi\n\n  # config.in_app_messaging_auto_colllection_enabled\n  _FIAM_AUTO_INIT=$(getFirebaseJsonKeyValue \"$_JSON_OUTPUT_RAW\" \"in_app_messaging_auto_collection_enabled\")\n  if [[ $_FIAM_AUTO_INIT ]]; then\n    _PLIST_ENTRY_KEYS+=(\"FirebaseInAppMessagingAutomaticDataCollectionEnabled\")\n    _PLIST_ENTRY_TYPES+=(\"bool\")\n    _PLIST_ENTRY_VALUES+=(\"$(jsonBoolToYesNo \"$_FIAM_AUTO_INIT\")\")\n  fi\n\n  # config.app_check_token_auto_refresh\n  _APP_CHECK_TOKEN_AUTO_REFRESH=$(getFirebaseJsonKeyValue \"$_JSON_OUTPUT_RAW\" \"app_check_token_auto_refresh\")\n  if [[ $_APP_CHECK_TOKEN_AUTO_REFRESH ]]; then\n    _PLIST_ENTRY_KEYS+=(\"FirebaseAppCheckTokenAutoRefreshEnabled\")\n    _PLIST_ENTRY_TYPES+=(\"bool\")\n    _PLIST_ENTRY_VALUES+=(\"$(jsonBoolToYesNo \"$_APP_CHECK_TOKEN_AUTO_REFRESH\")\")\n  fi\n\n  # config.crashlytics_disable_auto_disabler - undocumented for now - mainly for debugging, document if becomes useful\n  _CRASHLYTICS_AUTO_DISABLE_ENABLED=$(getFirebaseJsonKeyValue \"$_JSON_OUTPUT_RAW\" \"crashlytics_disable_auto_disabler\")\n  if [[ $_CRASHLYTICS_AUTO_DISABLE_ENABLED == \"true\" ]]; then\n    echo \"Disabled Crashlytics auto disabler.\" # do nothing\n  else\n    _PLIST_ENTRY_KEYS+=(\"FirebaseCrashlyticsCollectionEnabled\")\n    _PLIST_ENTRY_TYPES+=(\"bool\")\n    _PLIST_ENTRY_VALUES+=(\"NO\")\n  fi\nelse\n  _PLIST_ENTRY_KEYS+=(\"firebase_json_raw\")\n  _PLIST_ENTRY_TYPES+=(\"string\")\n  _PLIST_ENTRY_VALUES+=(\"$_JSON_OUTPUT_BASE64\")\n  echo \"warning:   A firebase.json file was not found, whilst this file is optional it is recommended to include it to configure firebase services in React Native Firebase.\"\nfi;\n\necho \"info: 2) Injecting Info.plist entries: \"\n\n# Log out the keys we're adding\nfor i in \"${!_PLIST_ENTRY_KEYS[@]}\"; do\n  echo \"    ->  $i) ${_PLIST_ENTRY_KEYS[$i]}\" \"${_PLIST_ENTRY_TYPES[$i]}\" \"${_PLIST_ENTRY_VALUES[$i]}\"\ndone\n\nfor plist in \"${_TARGET_PLIST}\" \"${_DSYM_PLIST}\" ; do\n  if [[ -f \"${plist}\" ]]; then\n\n    # paths with spaces break the call to setPlistValue. temporarily modify\n    # the shell internal field separator variable (IFS), which normally\n    # includes spaces, to consist only of line breaks\n    oldifs=$IFS\n    IFS=\"\n\"\n\n    for i in \"${!_PLIST_ENTRY_KEYS[@]}\"; do\n      setPlistValue \"${_PLIST_ENTRY_KEYS[$i]}\" \"${_PLIST_ENTRY_TYPES[$i]}\" \"${_PLIST_ENTRY_VALUES[$i]}\" \"${plist}\"\n    done\n\n    # restore the original internal field separator value\n    IFS=$oldifs\n  else\n    echo \"warning:   A Info.plist build output file was not found (${plist})\"\n  fi\ndone\n\necho \"info: <- RNFB build script finished\"\n";
		};
		185E4EF72990E7CD002A9316 /* ShellScript */ = {
			isa = PBXShellScriptBuildPhase;
			buildActionMask = 2147483647;
			files = (
			);
			inputFileListPaths = (
			);
			inputPaths = (
			);
			outputFileListPaths = (
			);
			outputPaths = (
			);
			runOnlyForDeploymentPostprocessing = 0;
			shellPath = /bin/sh;
			shellScript = "# Type a script or drag a script file from your workspace to insert its path.\nexport SENTRY_PROPERTIES=../sentry.properties\n\n../node_modules/@sentry/cli/bin/sentry-cli upload-dif \"$DWARF_DSYM_FOLDER_PATH\"\n";
		};
		186CD07E16CBE09C8612824F /* [CP-User] [RNFB] Crashlytics Configuration */ = {
			isa = PBXShellScriptBuildPhase;
			buildActionMask = 2147483647;
			files = (
			);
			inputPaths = (
				"${DWARF_DSYM_FOLDER_PATH}/${DWARF_DSYM_FILE_NAME}/Contents/Resources/DWARF/${TARGET_NAME}",
				"$(SRCROOT)/$(BUILT_PRODUCTS_DIR)/$(INFOPLIST_PATH)",
			);
			name = "[CP-User] [RNFB] Crashlytics Configuration";
			runOnlyForDeploymentPostprocessing = 0;
			shellPath = /bin/sh;
			shellScript = "#!/usr/bin/env bash\n#\n# Copyright (c) 2016-present Invertase Limited & Contributors\n#\n# Licensed under the Apache License, Version 2.0 (the \"License\");\n# you may not use this library except in compliance with the License.\n# You may obtain a copy of the License at\n#\n#   http://www.apache.org/licenses/LICENSE-2.0\n#\n# Unless required by applicable law or agreed to in writing, software\n# distributed under the License is distributed on an \"AS IS\" BASIS,\n# WITHOUT WARRANTIES OR CONDITIONS OF ANY KIND, either express or implied.\n# See the License for the specific language governing permissions and\n# limitations under the License.\n#\nset -e\n\nif [[ ${PODS_ROOT} ]]; then\n  echo \"info: Exec FirebaseCrashlytics Run from Pods\"\n  \"${PODS_ROOT}/FirebaseCrashlytics/run\"\nelse\n  echo \"info: Exec FirebaseCrashlytics Run from framework\"\n  \"${PROJECT_DIR}/FirebaseCrashlytics.framework/run\"\nfi\n";
		};
		1EA4FC2E1A5C301412441442 /* [Expo] Configure project */ = {
			isa = PBXShellScriptBuildPhase;
			alwaysOutOfDate = 1;
			buildActionMask = 2147483647;
			files = (
			);
			inputFileListPaths = (
			);
			inputPaths = (
			);
			name = "[Expo] Configure project";
			outputFileListPaths = (
			);
			outputPaths = (
			);
			runOnlyForDeploymentPostprocessing = 0;
			shellPath = /bin/sh;
			shellScript = "# This script configures Expo modules and generates the modules provider file.\nbash -l -c \"./Pods/Target\\ Support\\ Files/Pods-ErrorRepro/expo-configure-project.sh\"\n";
		};
		3E482C27206C4DEF2FE45063 /* [CP] Check Pods Manifest.lock */ = {
			isa = PBXShellScriptBuildPhase;
			buildActionMask = 2147483647;
			files = (
			);
			inputFileListPaths = (
			);
			inputPaths = (
				"${PODS_PODFILE_DIR_PATH}/Podfile.lock",
				"${PODS_ROOT}/Manifest.lock",
			);
			name = "[CP] Check Pods Manifest.lock";
			outputFileListPaths = (
			);
			outputPaths = (
				"$(DERIVED_FILE_DIR)/Pods-ErrorRepro-checkManifestLockResult.txt",
			);
			runOnlyForDeploymentPostprocessing = 0;
			shellPath = /bin/sh;
			shellScript = "diff \"${PODS_PODFILE_DIR_PATH}/Podfile.lock\" \"${PODS_ROOT}/Manifest.lock\" > /dev/null\nif [ $? != 0 ] ; then\n    # print error to STDERR\n    echo \"error: The sandbox is not in sync with the Podfile.lock. Run 'pod install' or update your CocoaPods installation.\" >&2\n    exit 1\nfi\n# This output is used by Xcode 'outputs' to avoid re-running this script phase.\necho \"SUCCESS\" > \"${SCRIPT_OUTPUT_FILE_0}\"\n";
			showEnvVarsInLog = 0;
		};
		ADC9DDC32298B72B3CF5DC8E /* [CP] Copy Pods Resources */ = {
			isa = PBXShellScriptBuildPhase;
			buildActionMask = 2147483647;
			files = (
			);
			inputFileListPaths = (
				"${PODS_ROOT}/Target Support Files/Pods-ErrorRepro/Pods-ErrorRepro-resources-${CONFIGURATION}-input-files.xcfilelist",
			);
			name = "[CP] Copy Pods Resources";
			outputFileListPaths = (
				"${PODS_ROOT}/Target Support Files/Pods-ErrorRepro/Pods-ErrorRepro-resources-${CONFIGURATION}-output-files.xcfilelist",
			);
			runOnlyForDeploymentPostprocessing = 0;
			shellPath = /bin/sh;
			shellScript = "\"${PODS_ROOT}/Target Support Files/Pods-ErrorRepro/Pods-ErrorRepro-resources.sh\"\n";
			showEnvVarsInLog = 0;
		};
		C8AC78B0264D0F9F6F6D630E /* [CP] Embed Pods Frameworks */ = {
			isa = PBXShellScriptBuildPhase;
			buildActionMask = 2147483647;
			files = (
			);
			inputFileListPaths = (
				"${PODS_ROOT}/Target Support Files/Pods-ErrorRepro/Pods-ErrorRepro-frameworks-${CONFIGURATION}-input-files.xcfilelist",
			);
			name = "[CP] Embed Pods Frameworks";
			outputFileListPaths = (
				"${PODS_ROOT}/Target Support Files/Pods-ErrorRepro/Pods-ErrorRepro-frameworks-${CONFIGURATION}-output-files.xcfilelist",
			);
			runOnlyForDeploymentPostprocessing = 0;
			shellPath = /bin/sh;
			shellScript = "\"${PODS_ROOT}/Target Support Files/Pods-ErrorRepro/Pods-ErrorRepro-frameworks.sh\"\n";
			showEnvVarsInLog = 0;
		};
		FD10A7F022414F080027D42C /* Start Packager */ = {
			isa = PBXShellScriptBuildPhase;
			buildActionMask = 2147483647;
			files = (
			);
			inputFileListPaths = (
			);
			inputPaths = (
			);
			name = "Start Packager";
			outputFileListPaths = (
			);
			outputPaths = (
			);
			runOnlyForDeploymentPostprocessing = 0;
			shellPath = /bin/sh;
			shellScript = "export RCT_METRO_PORT=\"${RCT_METRO_PORT:=8081}\"\necho \"export RCT_METRO_PORT=${RCT_METRO_PORT}\" > \"${SRCROOT}/../node_modules/react-native/scripts/.packager.env\"\nif [ -z \"${RCT_NO_LAUNCH_PACKAGER+xxx}\" ] ; then\n  if nc -w 5 -z localhost ${RCT_METRO_PORT} ; then\n    if ! curl -s \"http://localhost:${RCT_METRO_PORT}/status\" | grep -q \"packager-status:running\" ; then\n      echo \"Port ${RCT_METRO_PORT} already in use, packager is either not running or not running correctly\"\n      exit 2\n    fi\n  else\n    open \"$SRCROOT/../node_modules/react-native/scripts/launchPackager.command\" || echo \"Can't start packager automatically\"\n  fi\nfi\n";
			showEnvVarsInLog = 0;
		};
/* End PBXShellScriptBuildPhase section */

/* Begin PBXSourcesBuildPhase section */
		13B07F871A680F5B00A75B9A /* Sources */ = {
			isa = PBXSourcesBuildPhase;
			buildActionMask = 2147483647;
			files = (
				13B07FBC1A68108700A75B9A /* AppDelegate.mm in Sources */,
				18B49F132861E96A00B04851 /* Dynamic.swift in Sources */,
				1888527C28980C2B00C0CB56 /* CleverTapGeofencingWrapper.m in Sources */,
				13B07FC11A68108700A75B9A /* main.m in Sources */,
				6CC466C2CD2A66B4B17FC6BB /* ExpoModulesProvider.swift in Sources */,
			);
			runOnlyForDeploymentPostprocessing = 0;
		};
		182072BA29C9B8BD005AB7E5 /* Sources */ = {
			isa = PBXSourcesBuildPhase;
			buildActionMask = 2147483647;
			files = (
				182072C729C9B8BE005AB7E5 /* LiveActivityDynamicIsland.swift in Sources */,
			);
			runOnlyForDeploymentPostprocessing = 0;
		};
/* End PBXSourcesBuildPhase section */

/* Begin PBXTargetDependency section */
		182072CF29C9B8C5005AB7E5 /* PBXTargetDependency */ = {
			isa = PBXTargetDependency;
			target = 182072BD29C9B8BD005AB7E5 /* LiveActivityDynamicIslandExtension */;
			targetProxy = 182072CE29C9B8C5005AB7E5 /* PBXContainerItemProxy */;
		};
/* End PBXTargetDependency section */

/* Begin XCBuildConfiguration section */
		13B07F941A680F5B00A75B9A /* Debug */ = {
			isa = XCBuildConfiguration;
			baseConfigurationReference = C0A881CF5CF3F2B244570E2A /* Pods-ErrorRepro.debug.xcconfig */;
			buildSettings = {
				ALWAYS_EMBED_SWIFT_STANDARD_LIBRARIES = YES;
				ASSETCATALOG_COMPILER_APPICON_NAME = AppIcon;
				CLANG_ENABLE_MODULES = YES;
				CODE_SIGN_ENTITLEMENTS = ErrorRepro/ErrorRepro.entitlements;
				"CODE_SIGN_IDENTITY[sdk=iphoneos*]" = "iPhone Developer";
				CURRENT_PROJECT_VERSION = 26;
				DEVELOPMENT_TEAM = YNGHZ6T6J2;
				"DEVELOPMENT_TEAM[sdk=iphoneos*]" = YNGHZ6T6J2;
				ENABLE_BITCODE = NO;
				INFOPLIST_FILE = ErrorRepro/Info.plist;
				INFOPLIST_KEY_CFBundleDisplayName = ErrorRepro;
				IPHONEOS_DEPLOYMENT_TARGET = 13.0;
				LD_RUNPATH_SEARCH_PATHS = (
					"$(inherited)",
					"@executable_path/Frameworks",
				);
				MARKETING_VERSION = 1.27;
				OTHER_LDFLAGS = (
					"$(inherited)",
					"-ObjC",
					"-lc++",
				);
				OTHER_SWIFT_FLAGS = "$(inherited) -D EXPO_CONFIGURATION_DEBUG";
				PRODUCT_BUNDLE_IDENTIFIER = com.uiviewcontrollerhierarchyinconsistency.dev;
				PRODUCT_NAME = ErrorRepro;
				PROVISIONING_PROFILE = "8959d499-47a2-4bbe-9b88-56b3cdd33c5c";
				PROVISIONING_PROFILE_SPECIFIER = "match Development com.uiviewcontrollerhierarchyinconsistency.dev";
				SWIFT_OBJC_BRIDGING_HEADER = "ErrorRepro-Bridging-Header.h";
				SWIFT_OPTIMIZATION_LEVEL = "-Onone";
				SWIFT_VERSION = 5.0;
				VERSIONING_SYSTEM = "apple-generic";
			};
			name = Debug;
		};
		13B07F951A680F5B00A75B9A /* Release */ = {
			isa = XCBuildConfiguration;
			baseConfigurationReference = D00AAFFCFCFDA5787532823F /* Pods-ErrorRepro.release.xcconfig */;
			buildSettings = {
				ALWAYS_EMBED_SWIFT_STANDARD_LIBRARIES = YES;
				ASSETCATALOG_COMPILER_APPICON_NAME = AppIcon;
				CLANG_ENABLE_MODULES = YES;
				CODE_SIGN_ENTITLEMENTS = ErrorRepro/ErrorRepro.entitlements;
				CODE_SIGN_IDENTITY = "iPhone Distribution";
				"CODE_SIGN_IDENTITY[sdk=iphoneos*]" = "iPhone Distribution";
				CURRENT_PROJECT_VERSION = 26;
				DEVELOPMENT_TEAM = YNGHZ6T6J2;
				"DEVELOPMENT_TEAM[sdk=iphoneos*]" = YNGHZ6T6J2;
				INFOPLIST_FILE = ErrorRepro/Info.plist;
				INFOPLIST_KEY_CFBundleDisplayName = ErrorRepro;
				IPHONEOS_DEPLOYMENT_TARGET = 13.0;
				LD_RUNPATH_SEARCH_PATHS = (
					"$(inherited)",
					"@executable_path/Frameworks",
				);
				MARKETING_VERSION = 1.27;
				OTHER_LDFLAGS = (
					"$(inherited)",
					"-ObjC",
					"-lc++",
				);
				OTHER_SWIFT_FLAGS = "$(inherited) -D EXPO_CONFIGURATION_RELEASE";
				PRODUCT_BUNDLE_IDENTIFIER = com.uiviewcontrollerhierarchyinconsistency.dev;
				PRODUCT_NAME = ErrorRepro;
				PROVISIONING_PROFILE = "a165b4e8-e569-4b96-80b4-a7738aad2aa6";
				PROVISIONING_PROFILE_SPECIFIER = "match AppStore com.uiviewcontrollerhierarchyinconsistency.dev";
				SWIFT_OBJC_BRIDGING_HEADER = "ErrorRepro-Bridging-Header.h";
				SWIFT_VERSION = 5.0;
				VERSIONING_SYSTEM = "apple-generic";
			};
			name = Release;
		};
		182072D229C9B8C5005AB7E5 /* Debug */ = {
			isa = XCBuildConfiguration;
			buildSettings = {
				ASSETCATALOG_COMPILER_GLOBAL_ACCENT_COLOR_NAME = AccentColor;
				ASSETCATALOG_COMPILER_WIDGET_BACKGROUND_COLOR_NAME = WidgetBackground;
				CLANG_ANALYZER_NONNULL = YES;
				CLANG_ANALYZER_NUMBER_OBJECT_CONVERSION = YES_AGGRESSIVE;
				CLANG_CXX_LANGUAGE_STANDARD = "gnu++20";
				CLANG_ENABLE_OBJC_WEAK = YES;
				CLANG_WARN_DOCUMENTATION_COMMENTS = YES;
				CLANG_WARN_UNGUARDED_AVAILABILITY = YES_AGGRESSIVE;
				CODE_SIGN_ENTITLEMENTS = LiveActivityDynamicIslandExtension.entitlements;
				"CODE_SIGN_IDENTITY[sdk=iphoneos*]" = "iPhone Developer";
				CODE_SIGN_STYLE = Manual;
				CURRENT_PROJECT_VERSION = 26;
				DEBUG_INFORMATION_FORMAT = dwarf;
				DEVELOPMENT_TEAM = "";
				"DEVELOPMENT_TEAM[sdk=iphoneos*]" = YNGHZ6T6J2;
				GCC_C_LANGUAGE_STANDARD = gnu11;
				GENERATE_INFOPLIST_FILE = YES;
				INFOPLIST_FILE = LiveActivityDynamicIsland/Info.plist;
				INFOPLIST_KEY_CFBundleDisplayName = LiveActivityDynamicIsland;
				INFOPLIST_KEY_NSHumanReadableCopyright = "";
				IPHONEOS_DEPLOYMENT_TARGET = 16.2;
				LD_RUNPATH_SEARCH_PATHS = (
					"$(inherited)",
					"@executable_path/Frameworks",
					"@executable_path/../../Frameworks",
				);
				MARKETING_VERSION = 1.27;
				MTL_ENABLE_DEBUG_INFO = INCLUDE_SOURCE;
				MTL_FAST_MATH = YES;
				OTHER_SWIFT_FLAGS = "$(inherited) -D EXPO_CONFIGURATION_DEBUG";
				PRODUCT_BUNDLE_IDENTIFIER = com.uiviewcontrollerhierarchyinconsistency.dev.LiveActivityDynamicIsland;
				PRODUCT_NAME = "$(TARGET_NAME)";
				PROVISIONING_PROFILE = "b9f280cf-485d-4ed3-a8f5-8ef439c89545";
				PROVISIONING_PROFILE_SPECIFIER = "match Development com.uiviewcontrollerhierarchyinconsistency.dev.LiveActivityDynamicIsland";
				SKIP_INSTALL = YES;
				SWIFT_ACTIVE_COMPILATION_CONDITIONS = DEBUG;
				SWIFT_EMIT_LOC_STRINGS = YES;
				SWIFT_OPTIMIZATION_LEVEL = "-Onone";
				SWIFT_VERSION = 5.0;
				TARGETED_DEVICE_FAMILY = "1,2";
			};
			name = Debug;
		};
		182072D329C9B8C5005AB7E5 /* Release */ = {
			isa = XCBuildConfiguration;
			buildSettings = {
				ASSETCATALOG_COMPILER_GLOBAL_ACCENT_COLOR_NAME = AccentColor;
				ASSETCATALOG_COMPILER_WIDGET_BACKGROUND_COLOR_NAME = WidgetBackground;
				CLANG_ANALYZER_NONNULL = YES;
				CLANG_ANALYZER_NUMBER_OBJECT_CONVERSION = YES_AGGRESSIVE;
				CLANG_CXX_LANGUAGE_STANDARD = "gnu++20";
				CLANG_ENABLE_OBJC_WEAK = YES;
				CLANG_WARN_DOCUMENTATION_COMMENTS = YES;
				CLANG_WARN_UNGUARDED_AVAILABILITY = YES_AGGRESSIVE;
				CODE_SIGN_ENTITLEMENTS = LiveActivityDynamicIslandExtension.entitlements;
				CODE_SIGN_IDENTITY = "iPhone Distribution";
				"CODE_SIGN_IDENTITY[sdk=iphoneos*]" = "iPhone Distribution";
				CODE_SIGN_STYLE = Manual;
				COPY_PHASE_STRIP = NO;
				CURRENT_PROJECT_VERSION = 26;
				DEBUG_INFORMATION_FORMAT = "dwarf-with-dsym";
				DEVELOPMENT_TEAM = "";
				"DEVELOPMENT_TEAM[sdk=iphoneos*]" = YNGHZ6T6J2;
				GCC_C_LANGUAGE_STANDARD = gnu11;
				GENERATE_INFOPLIST_FILE = YES;
				INFOPLIST_FILE = LiveActivityDynamicIsland/Info.plist;
				INFOPLIST_KEY_CFBundleDisplayName = LiveActivityDynamicIsland;
				INFOPLIST_KEY_NSHumanReadableCopyright = "";
				IPHONEOS_DEPLOYMENT_TARGET = 16.2;
				LD_RUNPATH_SEARCH_PATHS = (
					"$(inherited)",
					"@executable_path/Frameworks",
					"@executable_path/../../Frameworks",
				);
				MARKETING_VERSION = 1.27;
				MTL_FAST_MATH = YES;
				OTHER_SWIFT_FLAGS = "$(inherited) -D EXPO_CONFIGURATION_RELEASE";
				PRODUCT_BUNDLE_IDENTIFIER = com.uiviewcontrollerhierarchyinconsistency.dev.LiveActivityDynamicIsland;
				PRODUCT_NAME = "$(TARGET_NAME)";
				PROVISIONING_PROFILE = "ede9f4a9-2005-428d-9f34-01f5b6cd0e40";
				PROVISIONING_PROFILE_SPECIFIER = "match AppStore com.uiviewcontrollerhierarchyinconsistency.dev.LiveActivityDynamicIsland";
				SKIP_INSTALL = YES;
				SWIFT_COMPILATION_MODE = wholemodule;
				SWIFT_EMIT_LOC_STRINGS = YES;
				SWIFT_OPTIMIZATION_LEVEL = "-O";
				SWIFT_VERSION = 5.0;
				TARGETED_DEVICE_FAMILY = "1,2";
			};
			name = Release;
		};
		83CBBA201A601CBA00E9B192 /* Debug */ = {
			isa = XCBuildConfiguration;
			buildSettings = {
				ALWAYS_SEARCH_USER_PATHS = NO;
				CLANG_ANALYZER_LOCALIZABILITY_NONLOCALIZED = YES;
				CLANG_CXX_LANGUAGE_STANDARD = "c++17";
				CLANG_CXX_LIBRARY = "libc++";
				CLANG_ENABLE_MODULES = YES;
				CLANG_ENABLE_OBJC_ARC = YES;
				CLANG_WARN_BLOCK_CAPTURE_AUTORELEASING = YES;
				CLANG_WARN_BOOL_CONVERSION = YES;
				CLANG_WARN_COMMA = YES;
				CLANG_WARN_CONSTANT_CONVERSION = YES;
				CLANG_WARN_DEPRECATED_OBJC_IMPLEMENTATIONS = YES;
				CLANG_WARN_DIRECT_OBJC_ISA_USAGE = YES_ERROR;
				CLANG_WARN_EMPTY_BODY = YES;
				CLANG_WARN_ENUM_CONVERSION = YES;
				CLANG_WARN_INFINITE_RECURSION = YES;
				CLANG_WARN_INT_CONVERSION = YES;
				CLANG_WARN_NON_LITERAL_NULL_CONVERSION = YES;
				CLANG_WARN_OBJC_IMPLICIT_RETAIN_SELF = YES;
				CLANG_WARN_OBJC_LITERAL_CONVERSION = YES;
				CLANG_WARN_OBJC_ROOT_CLASS = YES_ERROR;
				CLANG_WARN_QUOTED_INCLUDE_IN_FRAMEWORK_HEADER = YES;
				CLANG_WARN_RANGE_LOOP_ANALYSIS = YES;
				CLANG_WARN_STRICT_PROTOTYPES = YES;
				CLANG_WARN_SUSPICIOUS_MOVE = YES;
				CLANG_WARN_UNREACHABLE_CODE = YES;
				CLANG_WARN__DUPLICATE_METHOD_MATCH = YES;
				"CODE_SIGN_IDENTITY[sdk=iphoneos*]" = "iPhone Developer";
				COPY_PHASE_STRIP = NO;
				ENABLE_STRICT_OBJC_MSGSEND = YES;
				ENABLE_TESTABILITY = YES;
				"EXCLUDED_ARCHS[sdk=iphonesimulator*]" = i386;
				GCC_C_LANGUAGE_STANDARD = gnu99;
				GCC_DYNAMIC_NO_PIC = NO;
				GCC_NO_COMMON_BLOCKS = YES;
				GCC_OPTIMIZATION_LEVEL = 0;
				GCC_PREPROCESSOR_DEFINITIONS = (
					"DEBUG=1",
					"$(inherited)",
				);
				GCC_SYMBOLS_PRIVATE_EXTERN = NO;
				GCC_WARN_64_TO_32_BIT_CONVERSION = YES;
				GCC_WARN_ABOUT_RETURN_TYPE = YES_ERROR;
				GCC_WARN_UNDECLARED_SELECTOR = YES;
				GCC_WARN_UNINITIALIZED_AUTOS = YES_AGGRESSIVE;
				GCC_WARN_UNUSED_FUNCTION = YES;
				GCC_WARN_UNUSED_VARIABLE = YES;
				IPHONEOS_DEPLOYMENT_TARGET = 12.0;
				LD_RUNPATH_SEARCH_PATHS = (
					/usr/lib/swift,
					"$(inherited)",
				);
				LIBRARY_SEARCH_PATHS = (
					"\"$(SDKROOT)/usr/lib/swift\"",
					"\"$(TOOLCHAIN_DIR)/usr/lib/swift/$(PLATFORM_NAME)\"",
					"\"$(inherited)\"",
				);
				MTL_ENABLE_DEBUG_INFO = YES;
				ONLY_ACTIVE_ARCH = YES;
				OTHER_CFLAGS = (
					"$(inherited)",
					"-DRN_FABRIC_ENABLED",
				);
				OTHER_CPLUSPLUSFLAGS = (
					"$(inherited)",
					"-DRN_FABRIC_ENABLED",
				);
				REACT_NATIVE_PATH = "${PODS_ROOT}/../../node_modules/react-native";
				SDKROOT = iphoneos;
			};
			name = Debug;
		};
		83CBBA211A601CBA00E9B192 /* Release */ = {
			isa = XCBuildConfiguration;
			buildSettings = {
				ALWAYS_SEARCH_USER_PATHS = NO;
				CLANG_ANALYZER_LOCALIZABILITY_NONLOCALIZED = YES;
				CLANG_CXX_LANGUAGE_STANDARD = "c++17";
				CLANG_CXX_LIBRARY = "libc++";
				CLANG_ENABLE_MODULES = YES;
				CLANG_ENABLE_OBJC_ARC = YES;
				CLANG_WARN_BLOCK_CAPTURE_AUTORELEASING = YES;
				CLANG_WARN_BOOL_CONVERSION = YES;
				CLANG_WARN_COMMA = YES;
				CLANG_WARN_CONSTANT_CONVERSION = YES;
				CLANG_WARN_DEPRECATED_OBJC_IMPLEMENTATIONS = YES;
				CLANG_WARN_DIRECT_OBJC_ISA_USAGE = YES_ERROR;
				CLANG_WARN_EMPTY_BODY = YES;
				CLANG_WARN_ENUM_CONVERSION = YES;
				CLANG_WARN_INFINITE_RECURSION = YES;
				CLANG_WARN_INT_CONVERSION = YES;
				CLANG_WARN_NON_LITERAL_NULL_CONVERSION = YES;
				CLANG_WARN_OBJC_IMPLICIT_RETAIN_SELF = YES;
				CLANG_WARN_OBJC_LITERAL_CONVERSION = YES;
				CLANG_WARN_OBJC_ROOT_CLASS = YES_ERROR;
				CLANG_WARN_QUOTED_INCLUDE_IN_FRAMEWORK_HEADER = YES;
				CLANG_WARN_RANGE_LOOP_ANALYSIS = YES;
				CLANG_WARN_STRICT_PROTOTYPES = YES;
				CLANG_WARN_SUSPICIOUS_MOVE = YES;
				CLANG_WARN_UNREACHABLE_CODE = YES;
				CLANG_WARN__DUPLICATE_METHOD_MATCH = YES;
				"CODE_SIGN_IDENTITY[sdk=iphoneos*]" = "iPhone Developer";
				COPY_PHASE_STRIP = YES;
				ENABLE_NS_ASSERTIONS = NO;
				ENABLE_STRICT_OBJC_MSGSEND = YES;
				"EXCLUDED_ARCHS[sdk=iphonesimulator*]" = i386;
				GCC_C_LANGUAGE_STANDARD = gnu99;
				GCC_NO_COMMON_BLOCKS = YES;
				GCC_WARN_64_TO_32_BIT_CONVERSION = YES;
				GCC_WARN_ABOUT_RETURN_TYPE = YES_ERROR;
				GCC_WARN_UNDECLARED_SELECTOR = YES;
				GCC_WARN_UNINITIALIZED_AUTOS = YES_AGGRESSIVE;
				GCC_WARN_UNUSED_FUNCTION = YES;
				GCC_WARN_UNUSED_VARIABLE = YES;
				IPHONEOS_DEPLOYMENT_TARGET = 12.0;
				LD_RUNPATH_SEARCH_PATHS = (
					/usr/lib/swift,
					"$(inherited)",
				);
				LIBRARY_SEARCH_PATHS = (
					"\"$(SDKROOT)/usr/lib/swift\"",
					"\"$(TOOLCHAIN_DIR)/usr/lib/swift/$(PLATFORM_NAME)\"",
					"\"$(inherited)\"",
				);
				MTL_ENABLE_DEBUG_INFO = NO;
				OTHER_CFLAGS = (
					"$(inherited)",
					"-DRN_FABRIC_ENABLED",
				);
				OTHER_CPLUSPLUSFLAGS = (
					"$(inherited)",
					"-DRN_FABRIC_ENABLED",
				);
				REACT_NATIVE_PATH = "${PODS_ROOT}/../../node_modules/react-native";
				SDKROOT = iphoneos;
				VALIDATE_PRODUCT = YES;
			};
			name = Release;
		};
/* End XCBuildConfiguration section */

/* Begin XCConfigurationList section */
		13B07F931A680F5B00A75B9A /* Build configuration list for PBXNativeTarget "ErrorRepro" */ = {
			isa = XCConfigurationList;
			buildConfigurations = (
				13B07F941A680F5B00A75B9A /* Debug */,
				13B07F951A680F5B00A75B9A /* Release */,
			);
			defaultConfigurationIsVisible = 0;
			defaultConfigurationName = Release;
		};
		182072D129C9B8C5005AB7E5 /* Build configuration list for PBXNativeTarget "LiveActivityDynamicIslandExtension" */ = {
			isa = XCConfigurationList;
			buildConfigurations = (
				182072D229C9B8C5005AB7E5 /* Debug */,
				182072D329C9B8C5005AB7E5 /* Release */,
			);
			defaultConfigurationIsVisible = 0;
			defaultConfigurationName = Release;
		};
		83CBB9FA1A601CBA00E9B192 /* Build configuration list for PBXProject "ErrorRepro" */ = {
			isa = XCConfigurationList;
			buildConfigurations = (
				83CBBA201A601CBA00E9B192 /* Debug */,
				83CBBA211A601CBA00E9B192 /* Release */,
			);
			defaultConfigurationIsVisible = 0;
			defaultConfigurationName = Release;
		};
/* End XCConfigurationList section */
	};
	rootObject = 83CBB9F71A601CBA00E9B192 /* Project object */;
}
